
Microsoft Visual Studio Solution File, Format Version 12.00
# Visual Studio Version 16
VisualStudioVersion = 16.0.30225.117
MinimumVisualStudioVersion = 10.0.40219.1
Project("{FAE04EC0-301F-11D3-BF4B-00C04F79EFBC}") = "SpaProxyPathBaseIssue", "SpaProxyPathBaseIssue.csproj", "{72D1BD25-41B3-4D70-8893-C4426A1003F4}"
EndProject
Global
	GlobalSection(SolutionConfigurationPlatforms) = preSolution
		Debug|Any CPU = Debug|Any CPU
		Release|Any CPU = Release|Any CPU
	EndGlobalSection
	GlobalSection(ProjectConfigurationPlatforms) = postSolution
		{72D1BD25-41B3-4D70-8893-C4426A1003F4}.Debug|Any CPU.ActiveCfg = Debug|Any CPU
		{72D1BD25-41B3-4D70-8893-C4426A1003F4}.Debug|Any CPU.Build.0 = Debug|Any CPU
		{72D1BD25-41B3-4D70-8893-C4426A1003F4}.Release|Any CPU.ActiveCfg = Release|Any CPU
		{72D1BD25-41B3-4D70-8893-C4426A1003F4}.Release|Any CPU.Build.0 = Release|Any CPU
	EndGlobalSection
	GlobalSection(SolutionProperties) = preSolution
		HideSolutionNode = FALSE
	EndGlobalSection
	GlobalSection(ExtensibilityGlobals) = postSolution
		SolutionGuid = {24F6491C-EE4C-4DC1-86B6-3A22A6A41E25}
	EndGlobalSection
EndGlobal
